// !$*UTF8*$!
{
	archiveVersion = 1;
	classes = {
	};
	objectVersion = 56;
	objects = {

/* Begin PBXBuildFile section */
		F064C75D294A1CCC0060790C /* AppDelegate.swift in Sources */ = {isa = PBXBuildFile; fileRef = F064C75C294A1CCC0060790C /* AppDelegate.swift */; };
		F064C75F294A1CCC0060790C /* SceneDelegate.swift in Sources */ = {isa = PBXBuildFile; fileRef = F064C75E294A1CCC0060790C /* SceneDelegate.swift */; };
		F064C764294A1CCC0060790C /* Main.storyboard in Resources */ = {isa = PBXBuildFile; fileRef = F064C762294A1CCC0060790C /* Main.storyboard */; };
		F064C766294A1CCD0060790C /* Assets.xcassets in Resources */ = {isa = PBXBuildFile; fileRef = F064C765294A1CCD0060790C /* Assets.xcassets */; };
		F064C769294A1CCD0060790C /* LaunchScreen.storyboard in Resources */ = {isa = PBXBuildFile; fileRef = F064C767294A1CCD0060790C /* LaunchScreen.storyboard */; };
		F0ACC432296CC161000D7D74 /* Shapes.swift in Sources */ = {isa = PBXBuildFile; fileRef = F0ACC431296CC161000D7D74 /* Shapes.swift */; };
		F0ACC434296CCBBF000D7D74 /* Cards.swift in Sources */ = {isa = PBXBuildFile; fileRef = F0ACC433296CCBBF000D7D74 /* Cards.swift */; };
		F0ACC438296CCE21000D7D74 /* BoardGameController.swift in Sources */ = {isa = PBXBuildFile; fileRef = F0ACC437296CCE21000D7D74 /* BoardGameController.swift */; };
		F0ACC43B296CD10F000D7D74 /* Card.swift in Sources */ = {isa = PBXBuildFile; fileRef = F0ACC43A296CD10F000D7D74 /* Card.swift */; };
		F0ACC43D296CD2C7000D7D74 /* Game.swift in Sources */ = {isa = PBXBuildFile; fileRef = F0ACC43C296CD2C7000D7D74 /* Game.swift */; };
/* End PBXBuildFile section */

/* Begin PBXFileReference section */
		F064C759294A1CCC0060790C /* Cards.app */ = {isa = PBXFileReference; explicitFileType = wrapper.application; includeInIndex = 0; path = Cards.app; sourceTree = BUILT_PRODUCTS_DIR; };
		F064C75C294A1CCC0060790C /* AppDelegate.swift */ = {isa = PBXFileReference; lastKnownFileType = sourcecode.swift; path = AppDelegate.swift; sourceTree = "<group>"; };
		F064C75E294A1CCC0060790C /* SceneDelegate.swift */ = {isa = PBXFileReference; lastKnownFileType = sourcecode.swift; path = SceneDelegate.swift; sourceTree = "<group>"; };
		F064C763294A1CCC0060790C /* Base */ = {isa = PBXFileReference; lastKnownFileType = file.storyboard; name = Base; path = Base.lproj/Main.storyboard; sourceTree = "<group>"; };
		F064C765294A1CCD0060790C /* Assets.xcassets */ = {isa = PBXFileReference; lastKnownFileType = folder.assetcatalog; path = Assets.xcassets; sourceTree = "<group>"; };
		F064C768294A1CCD0060790C /* Base */ = {isa = PBXFileReference; lastKnownFileType = file.storyboard; name = Base; path = Base.lproj/LaunchScreen.storyboard; sourceTree = "<group>"; };
		F064C76A294A1CCD0060790C /* Info.plist */ = {isa = PBXFileReference; lastKnownFileType = text.plist.xml; path = Info.plist; sourceTree = "<group>"; };
		F0ACC431296CC161000D7D74 /* Shapes.swift */ = {isa = PBXFileReference; lastKnownFileType = sourcecode.swift; path = Shapes.swift; sourceTree = "<group>"; };
		F0ACC433296CCBBF000D7D74 /* Cards.swift */ = {isa = PBXFileReference; lastKnownFileType = sourcecode.swift; path = Cards.swift; sourceTree = "<group>"; };
		F0ACC437296CCE21000D7D74 /* BoardGameController.swift */ = {isa = PBXFileReference; lastKnownFileType = sourcecode.swift; path = BoardGameController.swift; sourceTree = "<group>"; };
		F0ACC43A296CD10F000D7D74 /* Card.swift */ = {isa = PBXFileReference; lastKnownFileType = sourcecode.swift; path = Card.swift; sourceTree = "<group>"; };
		F0ACC43C296CD2C7000D7D74 /* Game.swift */ = {isa = PBXFileReference; lastKnownFileType = sourcecode.swift; path = Game.swift; sourceTree = "<group>"; };
/* End PBXFileReference section */

/* Begin PBXFrameworksBuildPhase section */
		F064C756294A1CCC0060790C /* Frameworks */ = {
			isa = PBXFrameworksBuildPhase;
			buildActionMask = 2147483647;
			files = (
			);
			runOnlyForDeploymentPostprocessing = 0;
		};
/* End PBXFrameworksBuildPhase section */

/* Begin PBXGroup section */
		F064C750294A1CCC0060790C = {
			isa = PBXGroup;
			children = (
				F064C75B294A1CCC0060790C /* Cards */,
				F064C75A294A1CCC0060790C /* Products */,
			);
			sourceTree = "<group>";
		};
		F064C75A294A1CCC0060790C /* Products */ = {
			isa = PBXGroup;
			children = (
				F064C759294A1CCC0060790C /* Cards.app */,
			);
			name = Products;
			sourceTree = "<group>";
		};
		F064C75B294A1CCC0060790C /* Cards */ = {
			isa = PBXGroup;
			children = (
				F0ACC439296CCF1C000D7D74 /* Model */,
				F0ACC436296CCDCC000D7D74 /* Controller */,
				F0ACC435296CCD22000D7D74 /* Storyboards */,
				F0ACC430296CC123000D7D74 /* View */,
				F064C75C294A1CCC0060790C /* AppDelegate.swift */,
				F064C75E294A1CCC0060790C /* SceneDelegate.swift */,
				F064C765294A1CCD0060790C /* Assets.xcassets */,
				F064C76A294A1CCD0060790C /* Info.plist */,
			);
			path = Cards;
			sourceTree = "<group>";
		};
		F0ACC430296CC123000D7D74 /* View */ = {
			isa = PBXGroup;
			children = (
				F0ACC431296CC161000D7D74 /* Shapes.swift */,
				F0ACC433296CCBBF000D7D74 /* Cards.swift */,
			);
			path = View;
			sourceTree = "<group>";
		};
		F0ACC435296CCD22000D7D74 /* Storyboards */ = {
			isa = PBXGroup;
			children = (
				F064C762294A1CCC0060790C /* Main.storyboard */,
				F064C767294A1CCD0060790C /* LaunchScreen.storyboard */,
			);
			path = Storyboards;
			sourceTree = "<group>";
		};
		F0ACC436296CCDCC000D7D74 /* Controller */ = {
			isa = PBXGroup;
			children = (
				F0ACC437296CCE21000D7D74 /* BoardGameController.swift */,
			);
			path = Controller;
			sourceTree = "<group>";
		};
		F0ACC439296CCF1C000D7D74 /* Model */ = {
			isa = PBXGroup;
			children = (
				F0ACC43A296CD10F000D7D74 /* Card.swift */,
				F0ACC43C296CD2C7000D7D74 /* Game.swift */,
			);
			path = Model;
			sourceTree = "<group>";
		};
/* End PBXGroup section */

/* Begin PBXNativeTarget section */
		F064C758294A1CCC0060790C /* Cards */ = {
			isa = PBXNativeTarget;
			buildConfigurationList = F064C76D294A1CCD0060790C /* Build configuration list for PBXNativeTarget "Cards" */;
			buildPhases = (
				F064C755294A1CCC0060790C /* Sources */,
				F064C756294A1CCC0060790C /* Frameworks */,
				F064C757294A1CCC0060790C /* Resources */,
			);
			buildRules = (
			);
			dependencies = (
			);
			name = Cards;
			productName = Cards;
			productReference = F064C759294A1CCC0060790C /* Cards.app */;
			productType = "com.apple.product-type.application";
		};
/* End PBXNativeTarget section */

/* Begin PBXProject section */
		F064C751294A1CCC0060790C /* Project object */ = {
			isa = PBXProject;
			attributes = {
				BuildIndependentTargetsInParallel = 1;
				LastSwiftUpdateCheck = 1410;
				LastUpgradeCheck = 1410;
				TargetAttributes = {
					F064C758294A1CCC0060790C = {
						CreatedOnToolsVersion = 14.1;
					};
				};
			};
			buildConfigurationList = F064C754294A1CCC0060790C /* Build configuration list for PBXProject "Cards" */;
			compatibilityVersion = "Xcode 14.0";
			developmentRegion = en;
			hasScannedForEncodings = 0;
			knownRegions = (
				en,
				Base,
			);
			mainGroup = F064C750294A1CCC0060790C;
			productRefGroup = F064C75A294A1CCC0060790C /* Products */;
			projectDirPath = "";
			projectRoot = "";
			targets = (
				F064C758294A1CCC0060790C /* Cards */,
			);
		};
/* End PBXProject section */

/* Begin PBXResourcesBuildPhase section */
		F064C757294A1CCC0060790C /* Resources */ = {
			isa = PBXResourcesBuildPhase;
			buildActionMask = 2147483647;
			files = (
				F064C769294A1CCD0060790C /* LaunchScreen.storyboard in Resources */,
				F064C766294A1CCD0060790C /* Assets.xcassets in Resources */,
				F064C764294A1CCC0060790C /* Main.storyboard in Resources */,
			);
			runOnlyForDeploymentPostprocessing = 0;
		};
/* End PBXResourcesBuildPhase section */

/* Begin PBXSourcesBuildPhase section */
		F064C755294A1CCC0060790C /* Sources */ = {
			isa = PBXSourcesBuildPhase;
			buildActionMask = 2147483647;
			files = (
				F0ACC434296CCBBF000D7D74 /* Cards.swift in Sources */,
				F0ACC43B296CD10F000D7D74 /* Card.swift in Sources */,
				F0ACC43D296CD2C7000D7D74 /* Game.swift in Sources */,
				F0ACC438296CCE21000D7D74 /* BoardGameController.swift in Sources */,
				F064C75D294A1CCC0060790C /* AppDelegate.swift in Sources */,
				F064C75F294A1CCC0060790C /* SceneDelegate.swift in Sources */,
				F0ACC432296CC161000D7D74 /* Shapes.swift in Sources */,
			);
			runOnlyForDeploymentPostprocessing = 0;
		};
/* End PBXSourcesBuildPhase section */

/* Begin PBXVariantGroup section */
		F064C762294A1CCC0060790C /* Main.storyboard */ = {
			isa = PBXVariantGroup;
			children = (
				F064C763294A1CCC0060790C /* Base */,
			);
			name = Main.storyboard;
			sourceTree = "<group>";
		};
		F064C767294A1CCD0060790C /* LaunchScreen.storyboard */ = {
			isa = PBXVariantGroup;
			children = (
				F064C768294A1CCD0060790C /* Base */,
			);
			name = LaunchScreen.storyboard;
			sourceTree = "<group>";
		};
/* End PBXVariantGroup section */

/* Begin XCBuildConfiguration section */
		F064C76B294A1CCD0060790C /* Debug */ = {
			isa = XCBuildConfiguration;
			buildSettings = {
				ALWAYS_SEARCH_USER_PATHS = NO;
				CLANG_ANALYZER_NONNULL = YES;
				CLANG_ANALYZER_NUMBER_OBJECT_CONVERSION = YES_AGGRESSIVE;
				CLANG_CXX_LANGUAGE_STANDARD = "gnu++20";
				CLANG_ENABLE_MODULES = YES;
				CLANG_ENABLE_OBJC_ARC = YES;
				CLANG_ENABLE_OBJC_WEAK = YES;
				CLANG_WARN_BLOCK_CAPTURE_AUTORELEASING = YES;
				CLANG_WARN_BOOL_CONVERSION = YES;
				CLANG_WARN_COMMA = YES;
				CLANG_WARN_CONSTANT_CONVERSION = YES;
				CLANG_WARN_DEPRECATED_OBJC_IMPLEMENTATIONS = YES;
				CLANG_WARN_DIRECT_OBJC_ISA_USAGE = YES_ERROR;
				CLANG_WARN_DOCUMENTATION_COMMENTS = YES;
				CLANG_WARN_EMPTY_BODY = YES;
				CLANG_WARN_ENUM_CONVERSION = YES;
				CLANG_WARN_INFINITE_RECURSION = YES;
				CLANG_WARN_INT_CONVERSION = YES;
				CLANG_WARN_NON_LITERAL_NULL_CONVERSION = YES;
				CLANG_WARN_OBJC_IMPLICIT_RETAIN_SELF = YES;
				CLANG_WARN_OBJC_LITERAL_CONVERSION = YES;
				CLANG_WARN_OBJC_ROOT_CLASS = YES_ERROR;
				CLANG_WARN_QUOTED_INCLUDE_IN_FRAMEWORK_HEADER = YES;
				CLANG_WARN_RANGE_LOOP_ANALYSIS = YES;
				CLANG_WARN_STRICT_PROTOTYPES = YES;
				CLANG_WARN_SUSPICIOUS_MOVE = YES;
				CLANG_WARN_UNGUARDED_AVAILABILITY = YES_AGGRESSIVE;
				CLANG_WARN_UNREACHABLE_CODE = YES;
				CLANG_WARN__DUPLICATE_METHOD_MATCH = YES;
				COPY_PHASE_STRIP = NO;
				DEBUG_INFORMATION_FORMAT = dwarf;
				ENABLE_STRICT_OBJC_MSGSEND = YES;
				ENABLE_TESTABILITY = YES;
				GCC_C_LANGUAGE_STANDARD = gnu11;
				GCC_DYNAMIC_NO_PIC = NO;
				GCC_NO_COMMON_BLOCKS = YES;
				GCC_OPTIMIZATION_LEVEL = 0;
				GCC_PREPROCESSOR_DEFINITIONS = (
					"DEBUG=1",
					"$(inherited)",
				);
				GCC_WARN_64_TO_32_BIT_CONVERSION = YES;
				GCC_WARN_ABOUT_RETURN_TYPE = YES_ERROR;
				GCC_WARN_UNDECLARED_SELECTOR = YES;
				GCC_WARN_UNINITIALIZED_AUTOS = YES_AGGRESSIVE;
				GCC_WARN_UNUSED_FUNCTION = YES;
				GCC_WARN_UNUSED_VARIABLE = YES;
				IPHONEOS_DEPLOYMENT_TARGET = 16.1;
				MTL_ENABLE_DEBUG_INFO = INCLUDE_SOURCE;
				MTL_FAST_MATH = YES;
				ONLY_ACTIVE_ARCH = YES;
				SDKROOT = iphoneos;
				SWIFT_ACTIVE_COMPILATION_CONDITIONS = DEBUG;
				SWIFT_OPTIMIZATION_LEVEL = "-Onone";
			};
			name = Debug;
		};
		F064C76C294A1CCD0060790C /* Release */ = {
			isa = XCBuildConfiguration;
			buildSettings = {
				ALWAYS_SEARCH_USER_PATHS = NO;
				CLANG_ANALYZER_NONNULL = YES;
				CLANG_ANALYZER_NUMBER_OBJECT_CONVERSION = YES_AGGRESSIVE;
				CLANG_CXX_LANGUAGE_STANDARD = "gnu++20";
				CLANG_ENABLE_MODULES = YES;
				CLANG_ENABLE_OBJC_ARC = YES;
				CLANG_ENABLE_OBJC_WEAK = YES;
				CLANG_WARN_BLOCK_CAPTURE_AUTORELEASING = YES;
				CLANG_WARN_BOOL_CONVERSION = YES;
				CLANG_WARN_COMMA = YES;
				CLANG_WARN_CONSTANT_CONVERSION = YES;
				CLANG_WARN_DEPRECATED_OBJC_IMPLEMENTATIONS = YES;
				CLANG_WARN_DIRECT_OBJC_ISA_USAGE = YES_ERROR;
				CLANG_WARN_DOCUMENTATION_COMMENTS = YES;
				CLANG_WARN_EMPTY_BODY = YES;
				CLANG_WARN_ENUM_CONVERSION = YES;
				CLANG_WARN_INFINITE_RECURSION = YES;
				CLANG_WARN_INT_CONVERSION = YES;
				CLANG_WARN_NON_LITERAL_NULL_CONVERSION = YES;
				CLANG_WARN_OBJC_IMPLICIT_RETAIN_SELF = YES;
				CLANG_WARN_OBJC_LITERAL_CONVERSION = YES;
				CLANG_WARN_OBJC_ROOT_CLASS = YES_ERROR;
				CLANG_WARN_QUOTED_INCLUDE_IN_FRAMEWORK_HEADER = YES;
				CLANG_WARN_RANGE_LOOP_ANALYSIS = YES;
				CLANG_WARN_STRICT_PROTOTYPES = YES;
				CLANG_WARN_SUSPICIOUS_MOVE = YES;
				CLANG_WARN_UNGUARDED_AVAILABILITY = YES_AGGRESSIVE;
				CLANG_WARN_UNREACHABLE_CODE = YES;
				CLANG_WARN__DUPLICATE_METHOD_MATCH = YES;
				COPY_PHASE_STRIP = NO;
				DEBUG_INFORMATION_FORMAT = "dwarf-with-dsym";
				ENABLE_NS_ASSERTIONS = NO;
				ENABLE_STRICT_OBJC_MSGSEND = YES;
				GCC_C_LANGUAGE_STANDARD = gnu11;
				GCC_NO_COMMON_BLOCKS = YES;
				GCC_WARN_64_TO_32_BIT_CONVERSION = YES;
				GCC_WARN_ABOUT_RETURN_TYPE = YES_ERROR;
				GCC_WARN_UNDECLARED_SELECTOR = YES;
				GCC_WARN_UNINITIALIZED_AUTOS = YES_AGGRESSIVE;
				GCC_WARN_UNUSED_FUNCTION = YES;
				GCC_WARN_UNUSED_VARIABLE = YES;
				IPHONEOS_DEPLOYMENT_TARGET = 16.1;
				MTL_ENABLE_DEBUG_INFO = NO;
				MTL_FAST_MATH = YES;
				SDKROOT = iphoneos;
				SWIFT_COMPILATION_MODE = wholemodule;
				SWIFT_OPTIMIZATION_LEVEL = "-O";
				VALIDATE_PRODUCT = YES;
			};
			name = Release;
		};
		F064C76E294A1CCD0060790C /* Debug */ = {
			isa = XCBuildConfiguration;
			buildSettings = {
				ASSETCATALOG_COMPILER_APPICON_NAME = AppIcon;
				ASSETCATALOG_COMPILER_GLOBAL_ACCENT_COLOR_NAME = AccentColor;
				CODE_SIGN_STYLE = Automatic;
				CURRENT_PROJECT_VERSION = 1;
				DEVELOPMENT_TEAM = 9JFVB56GLA;
				GENERATE_INFOPLIST_FILE = YES;
				INFOPLIST_FILE = Cards/Info.plist;
				INFOPLIST_KEY_UIApplicationSupportsIndirectInputEvents = YES;
				INFOPLIST_KEY_UILaunchStoryboardName = LaunchScreen;
				INFOPLIST_KEY_UIMainStoryboardFile = Main;
				INFOPLIST_KEY_UISupportedInterfaceOrientations_iPad = "UIInterfaceOrientationPortrait UIInterfaceOrientationPortraitUpsideDown UIInterfaceOrientationLandscapeLeft UIInterfaceOrientationLandscapeRight";
				INFOPLIST_KEY_UISupportedInterfaceOrientations_iPhone = "UIInterfaceOrientationPortrait UIInterfaceOrientationLandscapeLeft UIInterfaceOrientationLandscapeRight";
				LD_RUNPATH_SEARCH_PATHS = (
					"$(inherited)",
					"@executable_path/Frameworks",
				);
				MARKETING_VERSION = 1.0;
				PRODUCT_BUNDLE_IDENTIFIER = com.threercompany.Cards;
				PRODUCT_NAME = "$(TARGET_NAME)";
				SWIFT_EMIT_LOC_STRINGS = YES;
				SWIFT_VERSION = 5.0;
				TARGETED_DEVICE_FAMILY = "1,2";
			};
			name = Debug;
		};
		F064C76F294A1CCD0060790C /* Release */ = {
			isa = XCBuildConfiguration;
			buildSettings = {
				ASSETCATALOG_COMPILER_APPICON_NAME = AppIcon;
				ASSETCATALOG_COMPILER_GLOBAL_ACCENT_COLOR_NAME = AccentColor;
				CODE_SIGN_STYLE = Automatic;
				CURRENT_PROJECT_VERSION = 1;
				DEVELOPMENT_TEAM = 9JFVB56GLA;
				GENERATE_INFOPLIST_FILE = YES;
				INFOPLIST_FILE = Cards/Info.plist;
				INFOPLIST_KEY_UIApplicationSupportsIndirectInputEvents = YES;
				INFOPLIST_KEY_UILaunchStoryboardName = LaunchScreen;
				INFOPLIST_KEY_UIMainStoryboardFile = Main;
				INFOPLIST_KEY_UISupportedInterfaceOrientations_iPad = "UIInterfaceOrientationPortrait UIInterfaceOrientationPortraitUpsideDown UIInterfaceOrientationLandscapeLeft UIInterfaceOrientationLandscapeRight";
				INFOPLIST_KEY_UISupportedInterfaceOrientations_iPhone = "UIInterfaceOrientationPortrait UIInterfaceOrientationLandscapeLeft UIInterfaceOrientationLandscapeRight";
				LD_RUNPATH_SEARCH_PATHS = (
					"$(inherited)",
					"@executable_path/Frameworks",
				);
				MARKETING_VERSION = 1.0;
				PRODUCT_BUNDLE_IDENTIFIER = com.threercompany.Cards;
				PRODUCT_NAME = "$(TARGET_NAME)";
				SWIFT_EMIT_LOC_STRINGS = YES;
				SWIFT_VERSION = 5.0;
				TARGETED_DEVICE_FAMILY = "1,2";
			};
			name = Release;
		};
/* End XCBuildConfiguration section */

/* Begin XCConfigurationList section */
		F064C754294A1CCC0060790C /* Build configuration list for PBXProject "Cards" */ = {
			isa = XCConfigurationList;
			buildConfigurations = (
				F064C76B294A1CCD0060790C /* Debug */,
				F064C76C294A1CCD0060790C /* Release */,
			);
			defaultConfigurationIsVisible = 0;
			defaultConfigurationName = Release;
		};
		F064C76D294A1CCD0060790C /* Build configuration list for PBXNativeTarget "Cards" */ = {
			isa = XCConfigurationList;
			buildConfigurations = (
				F064C76E294A1CCD0060790C /* Debug */,
				F064C76F294A1CCD0060790C /* Release */,
			);
			defaultConfigurationIsVisible = 0;
			defaultConfigurationName = Release;
		};
/* End XCConfigurationList section */
	};
	rootObject = F064C751294A1CCC0060790C /* Project object */;
}
